
Microsoft Visual Studio Solution File, Format Version 12.00
# Visual Studio Version 16
VisualStudioVersion = 16.0.29424.173
MinimumVisualStudioVersion = 10.0.40219.1
Project("{9A19103F-16F7-4668-BE54-9A1E7A4F7556}") = "TesteDePerformance03", "TesteDePerformance03\TesteDePerformance03.csproj", "{1410C512-E472-437D-B870-1BB46484B9B6}"
EndProject
Project("{2150E333-8FDC-42A3-9474-1A3956D46DE8}") = "Pessoa.Apresetation", "Pessoa.Apresetation", "{1FC38D80-AA09-40D4-9144-29F5CE316D96}"
EndProject
Project("{2150E333-8FDC-42A3-9474-1A3956D46DE8}") = "Repositories", "Repositories", "{59731FB3-81B1-4ED1-91A5-8A3EE2C18972}"
	ProjectSection(SolutionItems) = preProject
		TesteDePerformance03\IPessoaRepository.cs = TesteDePerformance03\IPessoaRepository.cs
		TesteDePerformance03\PessoaRepository.cs = TesteDePerformance03\PessoaRepository.cs
	EndProjectSection
EndProject
Global
	GlobalSection(SolutionConfigurationPlatforms) = preSolution
		Debug|Any CPU = Debug|Any CPU
		Release|Any CPU = Release|Any CPU
	EndGlobalSection
	GlobalSection(ProjectConfigurationPlatforms) = postSolution
		{1410C512-E472-437D-B870-1BB46484B9B6}.Debug|Any CPU.ActiveCfg = Debug|Any CPU
		{1410C512-E472-437D-B870-1BB46484B9B6}.Debug|Any CPU.Build.0 = Debug|Any CPU
		{1410C512-E472-437D-B870-1BB46484B9B6}.Release|Any CPU.ActiveCfg = Release|Any CPU
		{1410C512-E472-437D-B870-1BB46484B9B6}.Release|Any CPU.Build.0 = Release|Any CPU
	EndGlobalSection
	GlobalSection(SolutionProperties) = preSolution
		HideSolutionNode = FALSE
	EndGlobalSection
	GlobalSection(NestedProjects) = preSolution
		{1410C512-E472-437D-B870-1BB46484B9B6} = {1FC38D80-AA09-40D4-9144-29F5CE316D96}
		{59731FB3-81B1-4ED1-91A5-8A3EE2C18972} = {1FC38D80-AA09-40D4-9144-29F5CE316D96}
	EndGlobalSection
	GlobalSection(ExtensibilityGlobals) = postSolution
		SolutionGuid = {E9B02E78-F951-420A-AB26-307ECB80351E}
	EndGlobalSection
EndGlobal
